
Microsoft Visual Studio Solution File, Format Version 12.00
# Visual Studio 15
VisualStudioVersion = 15.0.27703.2047
MinimumVisualStudioVersion = 10.0.40219.1
Project("{FAE04EC0-301F-11D3-BF4B-00C04F79EFBC}") = "TeleBot", "TeleBot.csproj", "{CC56BA24-D92D-46F4-BF73-8EA9A5F60A05}"
EndProject
Global
	GlobalSection(SolutionConfigurationPlatforms) = preSolution
		Debug|Any CPU = Debug|Any CPU
		Release|Any CPU = Release|Any CPU
	EndGlobalSection
	GlobalSection(ProjectConfigurationPlatforms) = postSolution
		{CC56BA24-D92D-46F4-BF73-8EA9A5F60A05}.Debug|Any CPU.ActiveCfg = Debug|Any CPU
		{CC56BA24-D92D-46F4-BF73-8EA9A5F60A05}.Debug|Any CPU.Build.0 = Debug|Any CPU
		{CC56BA24-D92D-46F4-BF73-8EA9A5F60A05}.Release|Any CPU.ActiveCfg = Release|Any CPU
		{CC56BA24-D92D-46F4-BF73-8EA9A5F60A05}.Release|Any CPU.Build.0 = Release|Any CPU
	EndGlobalSection
	GlobalSection(SolutionProperties) = preSolution
		HideSolutionNode = FALSE
	EndGlobalSection
	GlobalSection(ExtensibilityGlobals) = postSolution
		SolutionGuid = {9F962361-F75E-4696-8500-965CE45EE4F3}
	EndGlobalSection
EndGlobal
